// !$*UTF8*$!
{
	archiveVersion = 1;
	classes = {
	};
	objectVersion = 50;
	objects = {

/* Begin PBXBuildFile section */
		CC1628B22387D85A00297344 /* ItemsTVC.swift in Sources */ = {isa = PBXBuildFile; fileRef = CC1628B12387D85A00297344 /* ItemsTVC.swift */; };
		CC1628B42387EE0200297344 /* AddItemVC.swift in Sources */ = {isa = PBXBuildFile; fileRef = CC1628B32387EE0200297344 /* AddItemVC.swift */; };
		CC3C79D7238799DA00490112 /* AppDelegate.swift in Sources */ = {isa = PBXBuildFile; fileRef = CC3C79D6238799DA00490112 /* AppDelegate.swift */; };
		CC3C79D9238799DA00490112 /* SceneDelegate.swift in Sources */ = {isa = PBXBuildFile; fileRef = CC3C79D8238799DA00490112 /* SceneDelegate.swift */; };
		CC3C79DE238799DA00490112 /* Main.storyboard in Resources */ = {isa = PBXBuildFile; fileRef = CC3C79DC238799DA00490112 /* Main.storyboard */; };
		CC3C79E1238799DA00490112 /* Collector.xcdatamodeld in Sources */ = {isa = PBXBuildFile; fileRef = CC3C79DF238799DA00490112 /* Collector.xcdatamodeld */; };
		CC3C79E3238799DB00490112 /* Assets.xcassets in Resources */ = {isa = PBXBuildFile; fileRef = CC3C79E2238799DB00490112 /* Assets.xcassets */; };
		CC3C79E6238799DB00490112 /* LaunchScreen.storyboard in Resources */ = {isa = PBXBuildFile; fileRef = CC3C79E4238799DB00490112 /* LaunchScreen.storyboard */; };
		CC3C79F1238799DB00490112 /* CollectorTests.swift in Sources */ = {isa = PBXBuildFile; fileRef = CC3C79F0238799DB00490112 /* CollectorTests.swift */; };
		CC3C79FC238799DB00490112 /* CollectorUITests.swift in Sources */ = {isa = PBXBuildFile; fileRef = CC3C79FB238799DB00490112 /* CollectorUITests.swift */; };
		CC3C7A0A23879CE400490112 /* CategoryTVC.swift in Sources */ = {isa = PBXBuildFile; fileRef = CC3C7A0923879CE400490112 /* CategoryTVC.swift */; };
		CC3C7A0C2387A59200490112 /* Model.swift in Sources */ = {isa = PBXBuildFile; fileRef = CC3C7A0B2387A59200490112 /* Model.swift */; };
		CC970694238CEC2F007F4A17 /* ItemTVCell.swift in Sources */ = {isa = PBXBuildFile; fileRef = CC970692238CEC2F007F4A17 /* ItemTVCell.swift */; };
		CC970697238CF193007F4A17 /* ItemTVCell.xib in Resources */ = {isa = PBXBuildFile; fileRef = CC970696238CF193007F4A17 /* ItemTVCell.xib */; };
		CC970699238CFB1A007F4A17 /* ImageGenerator.swift in Sources */ = {isa = PBXBuildFile; fileRef = CC970698238CFB1A007F4A17 /* ImageGenerator.swift */; };
/* End PBXBuildFile section */

/* Begin PBXContainerItemProxy section */
		CC3C79ED238799DB00490112 /* PBXContainerItemProxy */ = {
			isa = PBXContainerItemProxy;
			containerPortal = CC3C79CB238799DA00490112 /* Project object */;
			proxyType = 1;
			remoteGlobalIDString = CC3C79D2238799DA00490112;
			remoteInfo = Collector;
		};
		CC3C79F8238799DB00490112 /* PBXContainerItemProxy */ = {
			isa = PBXContainerItemProxy;
			containerPortal = CC3C79CB238799DA00490112 /* Project object */;
			proxyType = 1;
			remoteGlobalIDString = CC3C79D2238799DA00490112;
			remoteInfo = Collector;
		};
/* End PBXContainerItemProxy section */

/* Begin PBXFileReference section */
		CC1628B12387D85A00297344 /* ItemsTVC.swift */ = {isa = PBXFileReference; lastKnownFileType = sourcecode.swift; path = ItemsTVC.swift; sourceTree = "<group>"; };
		CC1628B32387EE0200297344 /* AddItemVC.swift */ = {isa = PBXFileReference; lastKnownFileType = sourcecode.swift; path = AddItemVC.swift; sourceTree = "<group>"; };
		CC3C79D3238799DA00490112 /* Collector.app */ = {isa = PBXFileReference; explicitFileType = wrapper.application; includeInIndex = 0; path = Collector.app; sourceTree = BUILT_PRODUCTS_DIR; };
		CC3C79D6238799DA00490112 /* AppDelegate.swift */ = {isa = PBXFileReference; lastKnownFileType = sourcecode.swift; path = AppDelegate.swift; sourceTree = "<group>"; };
		CC3C79D8238799DA00490112 /* SceneDelegate.swift */ = {isa = PBXFileReference; lastKnownFileType = sourcecode.swift; path = SceneDelegate.swift; sourceTree = "<group>"; };
		CC3C79DD238799DA00490112 /* Base */ = {isa = PBXFileReference; lastKnownFileType = file.storyboard; name = Base; path = Base.lproj/Main.storyboard; sourceTree = "<group>"; };
		CC3C79E0238799DA00490112 /* Collector.xcdatamodel */ = {isa = PBXFileReference; lastKnownFileType = wrapper.xcdatamodel; path = Collector.xcdatamodel; sourceTree = "<group>"; };
		CC3C79E2238799DB00490112 /* Assets.xcassets */ = {isa = PBXFileReference; lastKnownFileType = folder.assetcatalog; path = Assets.xcassets; sourceTree = "<group>"; };
		CC3C79E5238799DB00490112 /* Base */ = {isa = PBXFileReference; lastKnownFileType = file.storyboard; name = Base; path = Base.lproj/LaunchScreen.storyboard; sourceTree = "<group>"; };
		CC3C79E7238799DB00490112 /* Info.plist */ = {isa = PBXFileReference; lastKnownFileType = text.plist.xml; path = Info.plist; sourceTree = "<group>"; };
		CC3C79EC238799DB00490112 /* CollectorTests.xctest */ = {isa = PBXFileReference; explicitFileType = wrapper.cfbundle; includeInIndex = 0; path = CollectorTests.xctest; sourceTree = BUILT_PRODUCTS_DIR; };
		CC3C79F0238799DB00490112 /* CollectorTests.swift */ = {isa = PBXFileReference; lastKnownFileType = sourcecode.swift; path = CollectorTests.swift; sourceTree = "<group>"; };
		CC3C79F2238799DB00490112 /* Info.plist */ = {isa = PBXFileReference; lastKnownFileType = text.plist.xml; path = Info.plist; sourceTree = "<group>"; };
		CC3C79F7238799DB00490112 /* CollectorUITests.xctest */ = {isa = PBXFileReference; explicitFileType = wrapper.cfbundle; includeInIndex = 0; path = CollectorUITests.xctest; sourceTree = BUILT_PRODUCTS_DIR; };
		CC3C79FB238799DB00490112 /* CollectorUITests.swift */ = {isa = PBXFileReference; lastKnownFileType = sourcecode.swift; path = CollectorUITests.swift; sourceTree = "<group>"; };
		CC3C79FD238799DB00490112 /* Info.plist */ = {isa = PBXFileReference; lastKnownFileType = text.plist.xml; path = Info.plist; sourceTree = "<group>"; };
		CC3C7A0923879CE400490112 /* CategoryTVC.swift */ = {isa = PBXFileReference; lastKnownFileType = sourcecode.swift; path = CategoryTVC.swift; sourceTree = "<group>"; };
		CC3C7A0B2387A59200490112 /* Model.swift */ = {isa = PBXFileReference; lastKnownFileType = sourcecode.swift; path = Model.swift; sourceTree = "<group>"; };
		CC970692238CEC2F007F4A17 /* ItemTVCell.swift */ = {isa = PBXFileReference; lastKnownFileType = sourcecode.swift; path = ItemTVCell.swift; sourceTree = "<group>"; };
		CC970696238CF193007F4A17 /* ItemTVCell.xib */ = {isa = PBXFileReference; fileEncoding = 4; lastKnownFileType = file.xib; path = ItemTVCell.xib; sourceTree = "<group>"; };
		CC970698238CFB1A007F4A17 /* ImageGenerator.swift */ = {isa = PBXFileReference; lastKnownFileType = sourcecode.swift; path = ImageGenerator.swift; sourceTree = "<group>"; };
/* End PBXFileReference section */

/* Begin PBXFrameworksBuildPhase section */
		CC3C79D0238799DA00490112 /* Frameworks */ = {
			isa = PBXFrameworksBuildPhase;
			buildActionMask = 2147483647;
			files = (
			);
			runOnlyForDeploymentPostprocessing = 0;
		};
		CC3C79E9238799DB00490112 /* Frameworks */ = {
			isa = PBXFrameworksBuildPhase;
			buildActionMask = 2147483647;
			files = (
			);
			runOnlyForDeploymentPostprocessing = 0;
		};
		CC3C79F4238799DB00490112 /* Frameworks */ = {
			isa = PBXFrameworksBuildPhase;
			buildActionMask = 2147483647;
			files = (
			);
			runOnlyForDeploymentPostprocessing = 0;
		};
/* End PBXFrameworksBuildPhase section */

/* Begin PBXGroup section */
		CC3C79CA238799DA00490112 = {
			isa = PBXGroup;
			children = (
				CC3C79D5238799DA00490112 /* Collector */,
				CC3C79EF238799DB00490112 /* CollectorTests */,
				CC3C79FA238799DB00490112 /* CollectorUITests */,
				CC3C79D4238799DA00490112 /* Products */,
			);
			sourceTree = "<group>";
		};
		CC3C79D4238799DA00490112 /* Products */ = {
			isa = PBXGroup;
			children = (
				CC3C79D3238799DA00490112 /* Collector.app */,
				CC3C79EC238799DB00490112 /* CollectorTests.xctest */,
				CC3C79F7238799DB00490112 /* CollectorUITests.xctest */,
			);
			name = Products;
			sourceTree = "<group>";
		};
		CC3C79D5238799DA00490112 /* Collector */ = {
			isa = PBXGroup;
			children = (
				CC3C79D6238799DA00490112 /* AppDelegate.swift */,
				CC3C79D8238799DA00490112 /* SceneDelegate.swift */,
				CC3C7A0923879CE400490112 /* CategoryTVC.swift */,
				CC1628B12387D85A00297344 /* ItemsTVC.swift */,
				CC970692238CEC2F007F4A17 /* ItemTVCell.swift */,
				CC970696238CF193007F4A17 /* ItemTVCell.xib */,
				CC1628B32387EE0200297344 /* AddItemVC.swift */,
				CC3C7A0B2387A59200490112 /* Model.swift */,
				CC3C79DC238799DA00490112 /* Main.storyboard */,
				CC3C79E2238799DB00490112 /* Assets.xcassets */,
				CC3C79E4238799DB00490112 /* LaunchScreen.storyboard */,
				CC3C79E7238799DB00490112 /* Info.plist */,
				CC3C79DF238799DA00490112 /* Collector.xcdatamodeld */,
			);
			path = Collector;
			sourceTree = "<group>";
		};
		CC3C79EF238799DB00490112 /* CollectorTests */ = {
			isa = PBXGroup;
			children = (
				CC3C79F0238799DB00490112 /* CollectorTests.swift */,
				CC970698238CFB1A007F4A17 /* ImageGenerator.swift */,
				CC3C79F2238799DB00490112 /* Info.plist */,
			);
			path = CollectorTests;
			sourceTree = "<group>";
		};
		CC3C79FA238799DB00490112 /* CollectorUITests */ = {
			isa = PBXGroup;
			children = (
				CC3C79FB238799DB00490112 /* CollectorUITests.swift */,
				CC3C79FD238799DB00490112 /* Info.plist */,
			);
			path = CollectorUITests;
			sourceTree = "<group>";
		};
/* End PBXGroup section */

/* Begin PBXNativeTarget section */
		CC3C79D2238799DA00490112 /* Collector */ = {
			isa = PBXNativeTarget;
			buildConfigurationList = CC3C7A00238799DB00490112 /* Build configuration list for PBXNativeTarget "Collector" */;
			buildPhases = (
				CC3C79CF238799DA00490112 /* Sources */,
				CC3C79D0238799DA00490112 /* Frameworks */,
				CC3C79D1238799DA00490112 /* Resources */,
			);
			buildRules = (
			);
			dependencies = (
			);
			name = Collector;
			productName = Collector;
			productReference = CC3C79D3238799DA00490112 /* Collector.app */;
			productType = "com.apple.product-type.application";
		};
		CC3C79EB238799DB00490112 /* CollectorTests */ = {
			isa = PBXNativeTarget;
			buildConfigurationList = CC3C7A03238799DB00490112 /* Build configuration list for PBXNativeTarget "CollectorTests" */;
			buildPhases = (
				CC3C79E8238799DB00490112 /* Sources */,
				CC3C79E9238799DB00490112 /* Frameworks */,
				CC3C79EA238799DB00490112 /* Resources */,
			);
			buildRules = (
			);
			dependencies = (
				CC3C79EE238799DB00490112 /* PBXTargetDependency */,
			);
			name = CollectorTests;
			productName = CollectorTests;
			productReference = CC3C79EC238799DB00490112 /* CollectorTests.xctest */;
			productType = "com.apple.product-type.bundle.unit-test";
		};
		CC3C79F6238799DB00490112 /* CollectorUITests */ = {
			isa = PBXNativeTarget;
			buildConfigurationList = CC3C7A06238799DB00490112 /* Build configuration list for PBXNativeTarget "CollectorUITests" */;
			buildPhases = (
				CC3C79F3238799DB00490112 /* Sources */,
				CC3C79F4238799DB00490112 /* Frameworks */,
				CC3C79F5238799DB00490112 /* Resources */,
			);
			buildRules = (
			);
			dependencies = (
				CC3C79F9238799DB00490112 /* PBXTargetDependency */,
			);
			name = CollectorUITests;
			productName = CollectorUITests;
			productReference = CC3C79F7238799DB00490112 /* CollectorUITests.xctest */;
			productType = "com.apple.product-type.bundle.ui-testing";
		};
/* End PBXNativeTarget section */

/* Begin PBXProject section */
		CC3C79CB238799DA00490112 /* Project object */ = {
			isa = PBXProject;
			attributes = {
				LastSwiftUpdateCheck = 1120;
				LastUpgradeCheck = 1120;
				ORGANIZATIONNAME = "Albert Gedeon";
				TargetAttributes = {
					CC3C79D2238799DA00490112 = {
						CreatedOnToolsVersion = 11.2.1;
					};
					CC3C79EB238799DB00490112 = {
						CreatedOnToolsVersion = 11.2.1;
						TestTargetID = CC3C79D2238799DA00490112;
					};
					CC3C79F6238799DB00490112 = {
						CreatedOnToolsVersion = 11.2.1;
						TestTargetID = CC3C79D2238799DA00490112;
					};
				};
			};
			buildConfigurationList = CC3C79CE238799DA00490112 /* Build configuration list for PBXProject "Collector" */;
			compatibilityVersion = "Xcode 9.3";
			developmentRegion = en;
			hasScannedForEncodings = 0;
			knownRegions = (
				en,
				Base,
			);
			mainGroup = CC3C79CA238799DA00490112;
			productRefGroup = CC3C79D4238799DA00490112 /* Products */;
			projectDirPath = "";
			projectRoot = "";
			targets = (
				CC3C79D2238799DA00490112 /* Collector */,
				CC3C79EB238799DB00490112 /* CollectorTests */,
				CC3C79F6238799DB00490112 /* CollectorUITests */,
			);
		};
/* End PBXProject section */

/* Begin PBXResourcesBuildPhase section */
		CC3C79D1238799DA00490112 /* Resources */ = {
			isa = PBXResourcesBuildPhase;
			buildActionMask = 2147483647;
			files = (
				CC970697238CF193007F4A17 /* ItemTVCell.xib in Resources */,
				CC3C79E6238799DB00490112 /* LaunchScreen.storyboard in Resources */,
				CC3C79E3238799DB00490112 /* Assets.xcassets in Resources */,
				CC3C79DE238799DA00490112 /* Main.storyboard in Resources */,
			);
			runOnlyForDeploymentPostprocessing = 0;
		};
		CC3C79EA238799DB00490112 /* Resources */ = {
			isa = PBXResourcesBuildPhase;
			buildActionMask = 2147483647;
			files = (
			);
			runOnlyForDeploymentPostprocessing = 0;
		};
		CC3C79F5238799DB00490112 /* Resources */ = {
			isa = PBXResourcesBuildPhase;
			buildActionMask = 2147483647;
			files = (
			);
			runOnlyForDeploymentPostprocessing = 0;
		};
/* End PBXResourcesBuildPhase section */

/* Begin PBXSourcesBuildPhase section */
		CC3C79CF238799DA00490112 /* Sources */ = {
			isa = PBXSourcesBuildPhase;
			buildActionMask = 2147483647;
			files = (
				CC3C79E1238799DA00490112 /* Collector.xcdatamodeld in Sources */,
				CC3C7A0A23879CE400490112 /* CategoryTVC.swift in Sources */,
				CC1628B22387D85A00297344 /* ItemsTVC.swift in Sources */,
				CC3C79D7238799DA00490112 /* AppDelegate.swift in Sources */,
				CC970694238CEC2F007F4A17 /* ItemTVCell.swift in Sources */,
				CC3C7A0C2387A59200490112 /* Model.swift in Sources */,
				CC3C79D9238799DA00490112 /* SceneDelegate.swift in Sources */,
				CC1628B42387EE0200297344 /* AddItemVC.swift in Sources */,
			);
			runOnlyForDeploymentPostprocessing = 0;
		};
		CC3C79E8238799DB00490112 /* Sources */ = {
			isa = PBXSourcesBuildPhase;
			buildActionMask = 2147483647;
			files = (
				CC3C79F1238799DB00490112 /* CollectorTests.swift in Sources */,
				CC970699238CFB1A007F4A17 /* ImageGenerator.swift in Sources */,
			);
			runOnlyForDeploymentPostprocessing = 0;
		};
		CC3C79F3238799DB00490112 /* Sources */ = {
			isa = PBXSourcesBuildPhase;
			buildActionMask = 2147483647;
			files = (
				CC3C79FC238799DB00490112 /* CollectorUITests.swift in Sources */,
			);
			runOnlyForDeploymentPostprocessing = 0;
		};
/* End PBXSourcesBuildPhase section */

/* Begin PBXTargetDependency section */
		CC3C79EE238799DB00490112 /* PBXTargetDependency */ = {
			isa = PBXTargetDependency;
			target = CC3C79D2238799DA00490112 /* Collector */;
			targetProxy = CC3C79ED238799DB00490112 /* PBXContainerItemProxy */;
		};
		CC3C79F9238799DB00490112 /* PBXTargetDependency */ = {
			isa = PBXTargetDependency;
			target = CC3C79D2238799DA00490112 /* Collector */;
			targetProxy = CC3C79F8238799DB00490112 /* PBXContainerItemProxy */;
		};
/* End PBXTargetDependency section */

/* Begin PBXVariantGroup section */
		CC3C79DC238799DA00490112 /* Main.storyboard */ = {
			isa = PBXVariantGroup;
			children = (
				CC3C79DD238799DA00490112 /* Base */,
			);
			name = Main.storyboard;
			sourceTree = "<group>";
		};
		CC3C79E4238799DB00490112 /* LaunchScreen.storyboard */ = {
			isa = PBXVariantGroup;
			children = (
				CC3C79E5238799DB00490112 /* Base */,
			);
			name = LaunchScreen.storyboard;
			sourceTree = "<group>";
		};
/* End PBXVariantGroup section */

/* Begin XCBuildConfiguration section */
		CC3C79FE238799DB00490112 /* Debug */ = {
			isa = XCBuildConfiguration;
			buildSettings = {
				ALWAYS_SEARCH_USER_PATHS = NO;
				CLANG_ANALYZER_NONNULL = YES;
				CLANG_ANALYZER_NUMBER_OBJECT_CONVERSION = YES_AGGRESSIVE;
				CLANG_CXX_LANGUAGE_STANDARD = "gnu++14";
				CLANG_CXX_LIBRARY = "libc++";
				CLANG_ENABLE_MODULES = YES;
				CLANG_ENABLE_OBJC_ARC = YES;
				CLANG_ENABLE_OBJC_WEAK = YES;
				CLANG_WARN_BLOCK_CAPTURE_AUTORELEASING = YES;
				CLANG_WARN_BOOL_CONVERSION = YES;
				CLANG_WARN_COMMA = YES;
				CLANG_WARN_CONSTANT_CONVERSION = YES;
				CLANG_WARN_DEPRECATED_OBJC_IMPLEMENTATIONS = YES;
				CLANG_WARN_DIRECT_OBJC_ISA_USAGE = YES_ERROR;
				CLANG_WARN_DOCUMENTATION_COMMENTS = YES;
				CLANG_WARN_EMPTY_BODY = YES;
				CLANG_WARN_ENUM_CONVERSION = YES;
				CLANG_WARN_INFINITE_RECURSION = YES;
				CLANG_WARN_INT_CONVERSION = YES;
				CLANG_WARN_NON_LITERAL_NULL_CONVERSION = YES;
				CLANG_WARN_OBJC_IMPLICIT_RETAIN_SELF = YES;
				CLANG_WARN_OBJC_LITERAL_CONVERSION = YES;
				CLANG_WARN_OBJC_ROOT_CLASS = YES_ERROR;
				CLANG_WARN_RANGE_LOOP_ANALYSIS = YES;
				CLANG_WARN_STRICT_PROTOTYPES = YES;
				CLANG_WARN_SUSPICIOUS_MOVE = YES;
				CLANG_WARN_UNGUARDED_AVAILABILITY = YES_AGGRESSIVE;
				CLANG_WARN_UNREACHABLE_CODE = YES;
				CLANG_WARN__DUPLICATE_METHOD_MATCH = YES;
				COPY_PHASE_STRIP = NO;
				DEBUG_INFORMATION_FORMAT = dwarf;
				ENABLE_STRICT_OBJC_MSGSEND = YES;
				ENABLE_TESTABILITY = YES;
				GCC_C_LANGUAGE_STANDARD = gnu11;
				GCC_DYNAMIC_NO_PIC = NO;
				GCC_NO_COMMON_BLOCKS = YES;
				GCC_OPTIMIZATION_LEVEL = 0;
				GCC_PREPROCESSOR_DEFINITIONS = (
					"DEBUG=1",
					"$(inherited)",
				);
				GCC_WARN_64_TO_32_BIT_CONVERSION = YES;
				GCC_WARN_ABOUT_RETURN_TYPE = YES_ERROR;
				GCC_WARN_UNDECLARED_SELECTOR = YES;
				GCC_WARN_UNINITIALIZED_AUTOS = YES_AGGRESSIVE;
				GCC_WARN_UNUSED_FUNCTION = YES;
				GCC_WARN_UNUSED_VARIABLE = YES;
				IPHONEOS_DEPLOYMENT_TARGET = 13.2;
				MTL_ENABLE_DEBUG_INFO = INCLUDE_SOURCE;
				MTL_FAST_MATH = YES;
				ONLY_ACTIVE_ARCH = YES;
				SDKROOT = iphoneos;
				SWIFT_ACTIVE_COMPILATION_CONDITIONS = DEBUG;
				SWIFT_OPTIMIZATION_LEVEL = "-Onone";
			};
			name = Debug;
		};
		CC3C79FF238799DB00490112 /* Release */ = {
			isa = XCBuildConfiguration;
			buildSettings = {
				ALWAYS_SEARCH_USER_PATHS = NO;
				CLANG_ANALYZER_NONNULL = YES;
				CLANG_ANALYZER_NUMBER_OBJECT_CONVERSION = YES_AGGRESSIVE;
				CLANG_CXX_LANGUAGE_STANDARD = "gnu++14";
				CLANG_CXX_LIBRARY = "libc++";
				CLANG_ENABLE_MODULES = YES;
				CLANG_ENABLE_OBJC_ARC = YES;
				CLANG_ENABLE_OBJC_WEAK = YES;
				CLANG_WARN_BLOCK_CAPTURE_AUTORELEASING = YES;
				CLANG_WARN_BOOL_CONVERSION = YES;
				CLANG_WARN_COMMA = YES;
				CLANG_WARN_CONSTANT_CONVERSION = YES;
				CLANG_WARN_DEPRECATED_OBJC_IMPLEMENTATIONS = YES;
				CLANG_WARN_DIRECT_OBJC_ISA_USAGE = YES_ERROR;
				CLANG_WARN_DOCUMENTATION_COMMENTS = YES;
				CLANG_WARN_EMPTY_BODY = YES;
				CLANG_WARN_ENUM_CONVERSION = YES;
				CLANG_WARN_INFINITE_RECURSION = YES;
				CLANG_WARN_INT_CONVERSION = YES;
				CLANG_WARN_NON_LITERAL_NULL_CONVERSION = YES;
				CLANG_WARN_OBJC_IMPLICIT_RETAIN_SELF = YES;
				CLANG_WARN_OBJC_LITERAL_CONVERSION = YES;
				CLANG_WARN_OBJC_ROOT_CLASS = YES_ERROR;
				CLANG_WARN_RANGE_LOOP_ANALYSIS = YES;
				CLANG_WARN_STRICT_PROTOTYPES = YES;
				CLANG_WARN_SUSPICIOUS_MOVE = YES;
				CLANG_WARN_UNGUARDED_AVAILABILITY = YES_AGGRESSIVE;
				CLANG_WARN_UNREACHABLE_CODE = YES;
				CLANG_WARN__DUPLICATE_METHOD_MATCH = YES;
				COPY_PHASE_STRIP = NO;
				DEBUG_INFORMATION_FORMAT = "dwarf-with-dsym";
				ENABLE_NS_ASSERTIONS = NO;
				ENABLE_STRICT_OBJC_MSGSEND = YES;
				GCC_C_LANGUAGE_STANDARD = gnu11;
				GCC_NO_COMMON_BLOCKS = YES;
				GCC_WARN_64_TO_32_BIT_CONVERSION = YES;
				GCC_WARN_ABOUT_RETURN_TYPE = YES_ERROR;
				GCC_WARN_UNDECLARED_SELECTOR = YES;
				GCC_WARN_UNINITIALIZED_AUTOS = YES_AGGRESSIVE;
				GCC_WARN_UNUSED_FUNCTION = YES;
				GCC_WARN_UNUSED_VARIABLE = YES;
				IPHONEOS_DEPLOYMENT_TARGET = 13.2;
				MTL_ENABLE_DEBUG_INFO = NO;
				MTL_FAST_MATH = YES;
				SDKROOT = iphoneos;
				SWIFT_COMPILATION_MODE = wholemodule;
				SWIFT_OPTIMIZATION_LEVEL = "-O";
				VALIDATE_PRODUCT = YES;
			};
			name = Release;
		};
		CC3C7A01238799DB00490112 /* Debug */ = {
			isa = XCBuildConfiguration;
			buildSettings = {
				ASSETCATALOG_COMPILER_APPICON_NAME = AppIcon;
				CODE_SIGN_STYLE = Automatic;
				DEVELOPMENT_TEAM = XCWK73256Y;
				INFOPLIST_FILE = Collector/Info.plist;
				IPHONEOS_DEPLOYMENT_TARGET = 12.4;
				LD_RUNPATH_SEARCH_PATHS = (
					"$(inherited)",
					"@executable_path/Frameworks",
				);
				PRODUCT_BUNDLE_IDENTIFIER = AMG.Collector;
				PRODUCT_NAME = "$(TARGET_NAME)";
				SWIFT_VERSION = 5.0;
				TARGETED_DEVICE_FAMILY = "1,2";
			};
			name = Debug;
		};
		CC3C7A02238799DB00490112 /* Release */ = {
			isa = XCBuildConfiguration;
			buildSettings = {
				ASSETCATALOG_COMPILER_APPICON_NAME = AppIcon;
				CODE_SIGN_STYLE = Automatic;
				DEVELOPMENT_TEAM = XCWK73256Y;
				INFOPLIST_FILE = Collector/Info.plist;
				IPHONEOS_DEPLOYMENT_TARGET = 12.4;
				LD_RUNPATH_SEARCH_PATHS = (
					"$(inherited)",
					"@executable_path/Frameworks",
				);
				PRODUCT_BUNDLE_IDENTIFIER = AMG.Collector;
				PRODUCT_NAME = "$(TARGET_NAME)";
				SWIFT_VERSION = 5.0;
				TARGETED_DEVICE_FAMILY = "1,2";
			};
			name = Release;
		};
		CC3C7A04238799DB00490112 /* Debug */ = {
			isa = XCBuildConfiguration;
			buildSettings = {
				ALWAYS_EMBED_SWIFT_STANDARD_LIBRARIES = YES;
				BUNDLE_LOADER = "$(TEST_HOST)";
				CODE_SIGN_STYLE = Automatic;
				DEVELOPMENT_TEAM = XCWK73256Y;
				INFOPLIST_FILE = CollectorTests/Info.plist;
				IPHONEOS_DEPLOYMENT_TARGET = 13.2;
				LD_RUNPATH_SEARCH_PATHS = (
					"$(inherited)",
					"@executable_path/Frameworks",
					"@loader_path/Frameworks",
				);
				PRODUCT_BUNDLE_IDENTIFIER = AMG.CollectorTests;
				PRODUCT_NAME = "$(TARGET_NAME)";
				SWIFT_VERSION = 5.0;
				TARGETED_DEVICE_FAMILY = "1,2";
				TEST_HOST = "$(BUILT_PRODUCTS_DIR)/Collector.app/Collector";
			};
			name = Debug;
		};
		CC3C7A05238799DB00490112 /* Release */ = {
			isa = XCBuildConfiguration;
			buildSettings = {
				ALWAYS_EMBED_SWIFT_STANDARD_LIBRARIES = YES;
				BUNDLE_LOADER = "$(TEST_HOST)";
				CODE_SIGN_STYLE = Automatic;
				DEVELOPMENT_TEAM = XCWK73256Y;
				INFOPLIST_FILE = CollectorTests/Info.plist;
				IPHONEOS_DEPLOYMENT_TARGET = 13.2;
				LD_RUNPATH_SEARCH_PATHS = (
					"$(inherited)",
					"@executable_path/Frameworks",
					"@loader_path/Frameworks",
				);
				PRODUCT_BUNDLE_IDENTIFIER = AMG.CollectorTests;
				PRODUCT_NAME = "$(TARGET_NAME)";
				SWIFT_VERSION = 5.0;
				TARGETED_DEVICE_FAMILY = "1,2";
				TEST_HOST = "$(BUILT_PRODUCTS_DIR)/Collector.app/Collector";
			};
			name = Release;
		};
		CC3C7A07238799DB00490112 /* Debug */ = {
			isa = XCBuildConfiguration;
			buildSettings = {
				ALWAYS_EMBED_SWIFT_STANDARD_LIBRARIES = YES;
				CODE_SIGN_STYLE = Automatic;
				DEVELOPMENT_TEAM = XCWK73256Y;
				INFOPLIST_FILE = CollectorUITests/Info.plist;
				LD_RUNPATH_SEARCH_PATHS = (
					"$(inherited)",
					"@executable_path/Frameworks",
					"@loader_path/Frameworks",
				);
				PRODUCT_BUNDLE_IDENTIFIER = AMG.CollectorUITests;
				PRODUCT_NAME = "$(TARGET_NAME)";
				SWIFT_VERSION = 5.0;
				TARGETED_DEVICE_FAMILY = "1,2";
				TEST_TARGET_NAME = Collector;
			};
			name = Debug;
		};
		CC3C7A08238799DB00490112 /* Release */ = {
			isa = XCBuildConfiguration;
			buildSettings = {
				ALWAYS_EMBED_SWIFT_STANDARD_LIBRARIES = YES;
				CODE_SIGN_STYLE = Automatic;
				DEVELOPMENT_TEAM = XCWK73256Y;
				INFOPLIST_FILE = CollectorUITests/Info.plist;
				LD_RUNPATH_SEARCH_PATHS = (
					"$(inherited)",
					"@executable_path/Frameworks",
					"@loader_path/Frameworks",
				);
				PRODUCT_BUNDLE_IDENTIFIER = AMG.CollectorUITests;
				PRODUCT_NAME = "$(TARGET_NAME)";
				SWIFT_VERSION = 5.0;
				TARGETED_DEVICE_FAMILY = "1,2";
				TEST_TARGET_NAME = Collector;
			};
			name = Release;
		};
/* End XCBuildConfiguration section */

/* Begin XCConfigurationList section */
		CC3C79CE238799DA00490112 /* Build configuration list for PBXProject "Collector" */ = {
			isa = XCConfigurationList;
			buildConfigurations = (
				CC3C79FE238799DB00490112 /* Debug */,
				CC3C79FF238799DB00490112 /* Release */,
			);
			defaultConfigurationIsVisible = 0;
			defaultConfigurationName = Release;
		};
		CC3C7A00238799DB00490112 /* Build configuration list for PBXNativeTarget "Collector" */ = {
			isa = XCConfigurationList;
			buildConfigurations = (
				CC3C7A01238799DB00490112 /* Debug */,
				CC3C7A02238799DB00490112 /* Release */,
			);
			defaultConfigurationIsVisible = 0;
			defaultConfigurationName = Release;
		};
		CC3C7A03238799DB00490112 /* Build configuration list for PBXNativeTarget "CollectorTests" */ = {
			isa = XCConfigurationList;
			buildConfigurations = (
				CC3C7A04238799DB00490112 /* Debug */,
				CC3C7A05238799DB00490112 /* Release */,
			);
			defaultConfigurationIsVisible = 0;
			defaultConfigurationName = Release;
		};
		CC3C7A06238799DB00490112 /* Build configuration list for PBXNativeTarget "CollectorUITests" */ = {
			isa = XCConfigurationList;
			buildConfigurations = (
				CC3C7A07238799DB00490112 /* Debug */,
				CC3C7A08238799DB00490112 /* Release */,
			);
			defaultConfigurationIsVisible = 0;
			defaultConfigurationName = Release;
		};
/* End XCConfigurationList section */

/* Begin XCVersionGroup section */
		CC3C79DF238799DA00490112 /* Collector.xcdatamodeld */ = {
			isa = XCVersionGroup;
			children = (
				CC3C79E0238799DA00490112 /* Collector.xcdatamodel */,
			);
			currentVersion = CC3C79E0238799DA00490112 /* Collector.xcdatamodel */;
			path = Collector.xcdatamodeld;
			sourceTree = "<group>";
			versionGroupType = wrapper.xcdatamodel;
		};
/* End XCVersionGroup section */
	};
	rootObject = CC3C79CB238799DA00490112 /* Project object */;
}
